
Microsoft Visual Studio Solution File, Format Version 12.00
# Visual Studio 14
VisualStudioVersion = 14.0.23107.0
MinimumVisualStudioVersion = 10.0.40219.1
Project("{FAE04EC0-301F-11D3-BF4B-00C04F79EFBC}") = "AnularTwitterSearch", "AnularTwitterSearch\AnularTwitterSearch.csproj", "{B494754D-0ED0-457A-9CCA-A3C681137E9B}"
EndProject
Project("{FAE04EC0-301F-11D3-BF4B-00C04F79EFBC}") = "AnularTwitterSearch.Tests", "AnularTwitterSearch.Tests\AnularTwitterSearch.Tests.csproj", "{FAB8AD7F-7193-4197-8542-637E0ED5EF72}"
EndProject
Global
	GlobalSection(SolutionConfigurationPlatforms) = preSolution
		Debug|Any CPU = Debug|Any CPU
		Release|Any CPU = Release|Any CPU
	EndGlobalSection
	GlobalSection(ProjectConfigurationPlatforms) = postSolution
		{B494754D-0ED0-457A-9CCA-A3C681137E9B}.Debug|Any CPU.ActiveCfg = Debug|Any CPU
		{B494754D-0ED0-457A-9CCA-A3C681137E9B}.Debug|Any CPU.Build.0 = Debug|Any CPU
		{B494754D-0ED0-457A-9CCA-A3C681137E9B}.Release|Any CPU.ActiveCfg = Release|Any CPU
		{B494754D-0ED0-457A-9CCA-A3C681137E9B}.Release|Any CPU.Build.0 = Release|Any CPU
		{FAB8AD7F-7193-4197-8542-637E0ED5EF72}.Debug|Any CPU.ActiveCfg = Debug|Any CPU
		{FAB8AD7F-7193-4197-8542-637E0ED5EF72}.Debug|Any CPU.Build.0 = Debug|Any CPU
		{FAB8AD7F-7193-4197-8542-637E0ED5EF72}.Release|Any CPU.ActiveCfg = Release|Any CPU
		{FAB8AD7F-7193-4197-8542-637E0ED5EF72}.Release|Any CPU.Build.0 = Release|Any CPU
	EndGlobalSection
	GlobalSection(SolutionProperties) = preSolution
		HideSolutionNode = FALSE
	EndGlobalSection
EndGlobal
